
Microsoft Visual Studio Solution File, Format Version 12.00
# Visual Studio Version 17
VisualStudioVersion = 17.3.32825.248
MinimumVisualStudioVersion = 10.0.40219.1
Project("{9A19103F-16F7-4668-BE54-9A1E7A4F7556}") = "RazorInroduction.ViewComponentsAndPartialView.Web", "RazorInroduction.ViewComponentsAndPartialView.Web\RazorInroduction.ViewComponentsAndPartialView.Web.csproj", "{ECFC4B87-3C97-4671-A0E7-8859E1C73048}"
EndProject
Global
	GlobalSection(SolutionConfigurationPlatforms) = preSolution
		Debug|Any CPU = Debug|Any CPU
		Release|Any CPU = Release|Any CPU
	EndGlobalSection
	GlobalSection(ProjectConfigurationPlatforms) = postSolution
		{ECFC4B87-3C97-4671-A0E7-8859E1C73048}.Debug|Any CPU.ActiveCfg = Debug|Any CPU
		{ECFC4B87-3C97-4671-A0E7-8859E1C73048}.Debug|Any CPU.Build.0 = Debug|Any CPU
		{ECFC4B87-3C97-4671-A0E7-8859E1C73048}.Release|Any CPU.ActiveCfg = Release|Any CPU
		{ECFC4B87-3C97-4671-A0E7-8859E1C73048}.Release|Any CPU.Build.0 = Release|Any CPU
	EndGlobalSection
	GlobalSection(SolutionProperties) = preSolution
		HideSolutionNode = FALSE
	EndGlobalSection
	GlobalSection(ExtensibilityGlobals) = postSolution
		SolutionGuid = {C426B99C-D60C-4A76-9602-54CB343FD726}
	EndGlobalSection
EndGlobal
